// !$*UTF8*$!
{
	archiveVersion = 1;
	classes = {
	};
	objectVersion = 55;
	objects = {

/* Begin PBXBuildFile section */
		5507D0F328DA8356009EDFE7 /* Coordinator.swift in Sources */ = {isa = PBXBuildFile; fileRef = 5507D0F228DA8356009EDFE7 /* Coordinator.swift */; };
		5507D0F528DA84C3009EDFE7 /* Storyboarded.swift in Sources */ = {isa = PBXBuildFile; fileRef = 5507D0F428DA84C3009EDFE7 /* Storyboarded.swift */; };
		5507D0F728DA86C4009EDFE7 /* MainCoorditorSB.storyboard in Resources */ = {isa = PBXBuildFile; fileRef = 5507D0F628DA86C4009EDFE7 /* MainCoorditorSB.storyboard */; };
		5507D0F928DA87A8009EDFE7 /* MainCoorditorVC.swift in Sources */ = {isa = PBXBuildFile; fileRef = 5507D0F828DA87A8009EDFE7 /* MainCoorditorVC.swift */; };
		5507D0FB28DA8E00009EDFE7 /* SubWaysCoordinator.swift in Sources */ = {isa = PBXBuildFile; fileRef = 5507D0FA28DA8E00009EDFE7 /* SubWaysCoordinator.swift */; };
		5507D0FD28DADDAA009EDFE7 /* BuyViewController.swift in Sources */ = {isa = PBXBuildFile; fileRef = 5507D0FC28DADDAA009EDFE7 /* BuyViewController.swift */; };
		5507D0FF28DADDDD009EDFE7 /* CreateViewController.swift in Sources */ = {isa = PBXBuildFile; fileRef = 5507D0FE28DADDDD009EDFE7 /* CreateViewController.swift */; };
		552BF92828D1CB3100527B67 /* SectionHeaderView.xib in Resources */ = {isa = PBXBuildFile; fileRef = 552BF92728D1CB3100527B67 /* SectionHeaderView.xib */; };
		552BF92A28D1CB4E00527B67 /* SectionHeaderView.swift in Sources */ = {isa = PBXBuildFile; fileRef = 552BF92928D1CB4E00527B67 /* SectionHeaderView.swift */; };
		552BF92D28D2E81300527B67 /* SectionFooterView.swift in Sources */ = {isa = PBXBuildFile; fileRef = 552BF92C28D2E81300527B67 /* SectionFooterView.swift */; };
		552BF92F28D2FD3400527B67 /* SectionFooterView.xib in Resources */ = {isa = PBXBuildFile; fileRef = 552BF92E28D2FD3400527B67 /* SectionFooterView.xib */; };
		5597F8FE28C5DBE0003182A5 /* HeaderTableViewVC.swift in Sources */ = {isa = PBXBuildFile; fileRef = 5597F8FD28C5DBE0003182A5 /* HeaderTableViewVC.swift */; };
		5597F90028C5DC1D003182A5 /* HeaderTableViewSB.storyboard in Resources */ = {isa = PBXBuildFile; fileRef = 5597F8FF28C5DC1D003182A5 /* HeaderTableViewSB.storyboard */; };
		55B791CB28C8853A009549AC /* HeaderView.xib in Resources */ = {isa = PBXBuildFile; fileRef = 55B791CA28C8853A009549AC /* HeaderView.xib */; };
		55B791CD28C88593009549AC /* HeaderView.swift in Sources */ = {isa = PBXBuildFile; fileRef = 55B791CC28C88593009549AC /* HeaderView.swift */; };
		55C95D3628BC3DBF00B7898C /* AppDelegate.swift in Sources */ = {isa = PBXBuildFile; fileRef = 55C95D3528BC3DBF00B7898C /* AppDelegate.swift */; };
		55C95D3828BC3DBF00B7898C /* SceneDelegate.swift in Sources */ = {isa = PBXBuildFile; fileRef = 55C95D3728BC3DBF00B7898C /* SceneDelegate.swift */; };
		55C95D3A28BC3DBF00B7898C /* ViewController.swift in Sources */ = {isa = PBXBuildFile; fileRef = 55C95D3928BC3DBF00B7898C /* ViewController.swift */; };
		55C95D3D28BC3DBF00B7898C /* Main.storyboard in Resources */ = {isa = PBXBuildFile; fileRef = 55C95D3B28BC3DBF00B7898C /* Main.storyboard */; };
		55C95D3F28BC3DC200B7898C /* Assets.xcassets in Resources */ = {isa = PBXBuildFile; fileRef = 55C95D3E28BC3DC200B7898C /* Assets.xcassets */; };
		55C95D4228BC3DC200B7898C /* LaunchScreen.storyboard in Resources */ = {isa = PBXBuildFile; fileRef = 55C95D4028BC3DC200B7898C /* LaunchScreen.storyboard */; };
		55C95D4B28BED71400B7898C /* SwipeableCellsSB.storyboard in Resources */ = {isa = PBXBuildFile; fileRef = 55C95D4A28BED71400B7898C /* SwipeableCellsSB.storyboard */; };
		55C95D4E28BED88700B7898C /* SwipeableCellVC.swift in Sources */ = {isa = PBXBuildFile; fileRef = 55C95D4D28BED88700B7898C /* SwipeableCellVC.swift */; };
		55C95D5128BEE95E00B7898C /* MountainVC.swift in Sources */ = {isa = PBXBuildFile; fileRef = 55C95D5028BEE95E00B7898C /* MountainVC.swift */; };
		55C95D5328BF229700B7898C /* MountainTableVC.swift in Sources */ = {isa = PBXBuildFile; fileRef = 55C95D5228BF229700B7898C /* MountainTableVC.swift */; };
		55C95D5528BF28CD00B7898C /* MountainSB.storyboard in Resources */ = {isa = PBXBuildFile; fileRef = 55C95D5428BF28CD00B7898C /* MountainSB.storyboard */; };
		55C95D5728BF528E00B7898C /* MyData.swift in Sources */ = {isa = PBXBuildFile; fileRef = 55C95D5628BF528E00B7898C /* MyData.swift */; };
		55C95D5A28C06C4400B7898C /* Card_Swipe_ViewController.swift in Sources */ = {isa = PBXBuildFile; fileRef = 55C95D5928C06C4400B7898C /* Card_Swipe_ViewController.swift */; };
		55C95D5C28C06E2A00B7898C /* Card_Swipe_Storyboard.storyboard in Resources */ = {isa = PBXBuildFile; fileRef = 55C95D5B28C06E2A00B7898C /* Card_Swipe_Storyboard.storyboard */; };
/* End PBXBuildFile section */

/* Begin PBXFileReference section */
		5507D0F228DA8356009EDFE7 /* Coordinator.swift */ = {isa = PBXFileReference; lastKnownFileType = sourcecode.swift; path = Coordinator.swift; sourceTree = "<group>"; };
		5507D0F428DA84C3009EDFE7 /* Storyboarded.swift */ = {isa = PBXFileReference; lastKnownFileType = sourcecode.swift; path = Storyboarded.swift; sourceTree = "<group>"; };
		5507D0F628DA86C4009EDFE7 /* MainCoorditorSB.storyboard */ = {isa = PBXFileReference; lastKnownFileType = file.storyboard; path = MainCoorditorSB.storyboard; sourceTree = "<group>"; };
		5507D0F828DA87A8009EDFE7 /* MainCoorditorVC.swift */ = {isa = PBXFileReference; lastKnownFileType = sourcecode.swift; path = MainCoorditorVC.swift; sourceTree = "<group>"; };
		5507D0FA28DA8E00009EDFE7 /* SubWaysCoordinator.swift */ = {isa = PBXFileReference; lastKnownFileType = sourcecode.swift; path = SubWaysCoordinator.swift; sourceTree = "<group>"; };
		5507D0FC28DADDAA009EDFE7 /* BuyViewController.swift */ = {isa = PBXFileReference; lastKnownFileType = sourcecode.swift; path = BuyViewController.swift; sourceTree = "<group>"; };
		5507D0FE28DADDDD009EDFE7 /* CreateViewController.swift */ = {isa = PBXFileReference; lastKnownFileType = sourcecode.swift; path = CreateViewController.swift; sourceTree = "<group>"; };
		552BF92728D1CB3100527B67 /* SectionHeaderView.xib */ = {isa = PBXFileReference; lastKnownFileType = file.xib; path = SectionHeaderView.xib; sourceTree = "<group>"; };
		552BF92928D1CB4E00527B67 /* SectionHeaderView.swift */ = {isa = PBXFileReference; lastKnownFileType = sourcecode.swift; path = SectionHeaderView.swift; sourceTree = "<group>"; };
		552BF92C28D2E81300527B67 /* SectionFooterView.swift */ = {isa = PBXFileReference; lastKnownFileType = sourcecode.swift; path = SectionFooterView.swift; sourceTree = "<group>"; };
		552BF92E28D2FD3400527B67 /* SectionFooterView.xib */ = {isa = PBXFileReference; lastKnownFileType = file.xib; path = SectionFooterView.xib; sourceTree = "<group>"; };
		5597F8FD28C5DBE0003182A5 /* HeaderTableViewVC.swift */ = {isa = PBXFileReference; lastKnownFileType = sourcecode.swift; path = HeaderTableViewVC.swift; sourceTree = "<group>"; };
		5597F8FF28C5DC1D003182A5 /* HeaderTableViewSB.storyboard */ = {isa = PBXFileReference; lastKnownFileType = file.storyboard; path = HeaderTableViewSB.storyboard; sourceTree = "<group>"; };
		55B791CA28C8853A009549AC /* HeaderView.xib */ = {isa = PBXFileReference; lastKnownFileType = file.xib; path = HeaderView.xib; sourceTree = "<group>"; };
		55B791CC28C88593009549AC /* HeaderView.swift */ = {isa = PBXFileReference; lastKnownFileType = sourcecode.swift; path = HeaderView.swift; sourceTree = "<group>"; };
		55C95D3228BC3DBF00B7898C /* EmojiBlocker.app */ = {isa = PBXFileReference; explicitFileType = wrapper.application; includeInIndex = 0; path = EmojiBlocker.app; sourceTree = BUILT_PRODUCTS_DIR; };
		55C95D3528BC3DBF00B7898C /* AppDelegate.swift */ = {isa = PBXFileReference; lastKnownFileType = sourcecode.swift; path = AppDelegate.swift; sourceTree = "<group>"; };
		55C95D3728BC3DBF00B7898C /* SceneDelegate.swift */ = {isa = PBXFileReference; lastKnownFileType = sourcecode.swift; path = SceneDelegate.swift; sourceTree = "<group>"; };
		55C95D3928BC3DBF00B7898C /* ViewController.swift */ = {isa = PBXFileReference; lastKnownFileType = sourcecode.swift; path = ViewController.swift; sourceTree = "<group>"; };
		55C95D3C28BC3DBF00B7898C /* Base */ = {isa = PBXFileReference; lastKnownFileType = file.storyboard; name = Base; path = Base.lproj/Main.storyboard; sourceTree = "<group>"; };
		55C95D3E28BC3DC200B7898C /* Assets.xcassets */ = {isa = PBXFileReference; lastKnownFileType = folder.assetcatalog; path = Assets.xcassets; sourceTree = "<group>"; };
		55C95D4128BC3DC200B7898C /* Base */ = {isa = PBXFileReference; lastKnownFileType = file.storyboard; name = Base; path = Base.lproj/LaunchScreen.storyboard; sourceTree = "<group>"; };
		55C95D4328BC3DC200B7898C /* Info.plist */ = {isa = PBXFileReference; lastKnownFileType = text.plist.xml; path = Info.plist; sourceTree = "<group>"; };
		55C95D4A28BED71400B7898C /* SwipeableCellsSB.storyboard */ = {isa = PBXFileReference; lastKnownFileType = file.storyboard; path = SwipeableCellsSB.storyboard; sourceTree = "<group>"; };
		55C95D4D28BED88700B7898C /* SwipeableCellVC.swift */ = {isa = PBXFileReference; lastKnownFileType = sourcecode.swift; path = SwipeableCellVC.swift; sourceTree = "<group>"; };
		55C95D5028BEE95E00B7898C /* MountainVC.swift */ = {isa = PBXFileReference; lastKnownFileType = sourcecode.swift; path = MountainVC.swift; sourceTree = "<group>"; };
		55C95D5228BF229700B7898C /* MountainTableVC.swift */ = {isa = PBXFileReference; lastKnownFileType = sourcecode.swift; path = MountainTableVC.swift; sourceTree = "<group>"; };
		55C95D5428BF28CD00B7898C /* MountainSB.storyboard */ = {isa = PBXFileReference; lastKnownFileType = file.storyboard; path = MountainSB.storyboard; sourceTree = "<group>"; };
		55C95D5628BF528E00B7898C /* MyData.swift */ = {isa = PBXFileReference; lastKnownFileType = sourcecode.swift; path = MyData.swift; sourceTree = "<group>"; };
		55C95D5928C06C4400B7898C /* Card_Swipe_ViewController.swift */ = {isa = PBXFileReference; lastKnownFileType = sourcecode.swift; path = Card_Swipe_ViewController.swift; sourceTree = "<group>"; };
		55C95D5B28C06E2A00B7898C /* Card_Swipe_Storyboard.storyboard */ = {isa = PBXFileReference; lastKnownFileType = file.storyboard; path = Card_Swipe_Storyboard.storyboard; sourceTree = "<group>"; };
/* End PBXFileReference section */

/* Begin PBXFrameworksBuildPhase section */
		55C95D2F28BC3DBF00B7898C /* Frameworks */ = {
			isa = PBXFrameworksBuildPhase;
			buildActionMask = 2147483647;
			files = (
			);
			runOnlyForDeploymentPostprocessing = 0;
		};
/* End PBXFrameworksBuildPhase section */

/* Begin PBXGroup section */
		5507D0F128DA825E009EDFE7 /* Coordinator */ = {
			isa = PBXGroup;
			children = (
				5507D0F228DA8356009EDFE7 /* Coordinator.swift */,
				5507D0F428DA84C3009EDFE7 /* Storyboarded.swift */,
				5507D0F628DA86C4009EDFE7 /* MainCoorditorSB.storyboard */,
				5507D0F828DA87A8009EDFE7 /* MainCoorditorVC.swift */,
				5507D0FA28DA8E00009EDFE7 /* SubWaysCoordinator.swift */,
				5507D0FC28DADDAA009EDFE7 /* BuyViewController.swift */,
				5507D0FE28DADDDD009EDFE7 /* CreateViewController.swift */,
			);
			path = Coordinator;
			sourceTree = "<group>";
		};
		5597F8FC28C5DBAA003182A5 /* Header Footer Sections */ = {
			isa = PBXGroup;
			children = (
				5597F8FD28C5DBE0003182A5 /* HeaderTableViewVC.swift */,
				5597F8FF28C5DC1D003182A5 /* HeaderTableViewSB.storyboard */,
				55B791CA28C8853A009549AC /* HeaderView.xib */,
				55B791CC28C88593009549AC /* HeaderView.swift */,
				552BF92728D1CB3100527B67 /* SectionHeaderView.xib */,
				552BF92C28D2E81300527B67 /* SectionFooterView.swift */,
				552BF92928D1CB4E00527B67 /* SectionHeaderView.swift */,
				552BF92E28D2FD3400527B67 /* SectionFooterView.xib */,
			);
			path = "Header Footer Sections";
			sourceTree = "<group>";
		};
		55C95D2928BC3DBF00B7898C = {
			isa = PBXGroup;
			children = (
				55C95D3428BC3DBF00B7898C /* EmojiBlocker */,
				55C95D3328BC3DBF00B7898C /* Products */,
			);
			sourceTree = "<group>";
		};
		55C95D3328BC3DBF00B7898C /* Products */ = {
			isa = PBXGroup;
			children = (
				55C95D3228BC3DBF00B7898C /* EmojiBlocker.app */,
			);
			name = Products;
			sourceTree = "<group>";
		};
		55C95D3428BC3DBF00B7898C /* EmojiBlocker */ = {
			isa = PBXGroup;
			children = (
				5507D0F128DA825E009EDFE7 /* Coordinator */,
				55C95D4928BED6F300B7898C /* UITableView */,
				55C95D3528BC3DBF00B7898C /* AppDelegate.swift */,
				55C95D3728BC3DBF00B7898C /* SceneDelegate.swift */,
				55C95D3928BC3DBF00B7898C /* ViewController.swift */,
				55C95D3B28BC3DBF00B7898C /* Main.storyboard */,
				55C95D3E28BC3DC200B7898C /* Assets.xcassets */,
				55C95D4028BC3DC200B7898C /* LaunchScreen.storyboard */,
				55C95D4328BC3DC200B7898C /* Info.plist */,
			);
			path = EmojiBlocker;
			sourceTree = "<group>";
		};
		55C95D4928BED6F300B7898C /* UITableView */ = {
			isa = PBXGroup;
			children = (
				5597F8FC28C5DBAA003182A5 /* Header Footer Sections */,
				55C95D5828C06C0600B7898C /* Card_Swipe */,
				55C95D4F28BEDBE500B7898C /* DiffableDataSource */,
				55C95D4C28BED7B300B7898C /* Swipeable Cells */,
			);
			path = UITableView;
			sourceTree = "<group>";
		};
		55C95D4C28BED7B300B7898C /* Swipeable Cells */ = {
			isa = PBXGroup;
			children = (
				55C95D4A28BED71400B7898C /* SwipeableCellsSB.storyboard */,
				55C95D4D28BED88700B7898C /* SwipeableCellVC.swift */,
			);
			path = "Swipeable Cells";
			sourceTree = "<group>";
		};
		55C95D4F28BEDBE500B7898C /* DiffableDataSource */ = {
			isa = PBXGroup;
			children = (
				55C95D5028BEE95E00B7898C /* MountainVC.swift */,
				55C95D5228BF229700B7898C /* MountainTableVC.swift */,
				55C95D5428BF28CD00B7898C /* MountainSB.storyboard */,
				55C95D5628BF528E00B7898C /* MyData.swift */,
			);
			path = DiffableDataSource;
			sourceTree = "<group>";
		};
		55C95D5828C06C0600B7898C /* Card_Swipe */ = {
			isa = PBXGroup;
			children = (
				55C95D5928C06C4400B7898C /* Card_Swipe_ViewController.swift */,
				55C95D5B28C06E2A00B7898C /* Card_Swipe_Storyboard.storyboard */,
			);
			path = Card_Swipe;
			sourceTree = "<group>";
		};
/* End PBXGroup section */

/* Begin PBXNativeTarget section */
		55C95D3128BC3DBF00B7898C /* EmojiBlocker */ = {
			isa = PBXNativeTarget;
			buildConfigurationList = 55C95D4628BC3DC200B7898C /* Build configuration list for PBXNativeTarget "EmojiBlocker" */;
			buildPhases = (
				55C95D2E28BC3DBF00B7898C /* Sources */,
				55C95D2F28BC3DBF00B7898C /* Frameworks */,
				55C95D3028BC3DBF00B7898C /* Resources */,
			);
			buildRules = (
			);
			dependencies = (
			);
			name = EmojiBlocker;
			productName = EmojiBlocker;
			productReference = 55C95D3228BC3DBF00B7898C /* EmojiBlocker.app */;
			productType = "com.apple.product-type.application";
		};
/* End PBXNativeTarget section */

/* Begin PBXProject section */
		55C95D2A28BC3DBF00B7898C /* Project object */ = {
			isa = PBXProject;
			attributes = {
				BuildIndependentTargetsInParallel = 1;
				LastSwiftUpdateCheck = 1340;
				LastUpgradeCheck = 1340;
				TargetAttributes = {
					55C95D3128BC3DBF00B7898C = {
						CreatedOnToolsVersion = 13.4.1;
					};
				};
			};
			buildConfigurationList = 55C95D2D28BC3DBF00B7898C /* Build configuration list for PBXProject "EmojiBlocker" */;
			compatibilityVersion = "Xcode 13.0";
			developmentRegion = en;
			hasScannedForEncodings = 0;
			knownRegions = (
				en,
				Base,
			);
			mainGroup = 55C95D2928BC3DBF00B7898C;
			productRefGroup = 55C95D3328BC3DBF00B7898C /* Products */;
			projectDirPath = "";
			projectRoot = "";
			targets = (
				55C95D3128BC3DBF00B7898C /* EmojiBlocker */,
			);
		};
/* End PBXProject section */

/* Begin PBXResourcesBuildPhase section */
		55C95D3028BC3DBF00B7898C /* Resources */ = {
			isa = PBXResourcesBuildPhase;
			buildActionMask = 2147483647;
			files = (
				55C95D5C28C06E2A00B7898C /* Card_Swipe_Storyboard.storyboard in Resources */,
				55C95D4228BC3DC200B7898C /* LaunchScreen.storyboard in Resources */,
				55C95D3F28BC3DC200B7898C /* Assets.xcassets in Resources */,
				55C95D5528BF28CD00B7898C /* MountainSB.storyboard in Resources */,
				552BF92828D1CB3100527B67 /* SectionHeaderView.xib in Resources */,
				5507D0F728DA86C4009EDFE7 /* MainCoorditorSB.storyboard in Resources */,
				55B791CB28C8853A009549AC /* HeaderView.xib in Resources */,
				5597F90028C5DC1D003182A5 /* HeaderTableViewSB.storyboard in Resources */,
				552BF92F28D2FD3400527B67 /* SectionFooterView.xib in Resources */,
				55C95D4B28BED71400B7898C /* SwipeableCellsSB.storyboard in Resources */,
				55C95D3D28BC3DBF00B7898C /* Main.storyboard in Resources */,
			);
			runOnlyForDeploymentPostprocessing = 0;
		};
/* End PBXResourcesBuildPhase section */

/* Begin PBXSourcesBuildPhase section */
		55C95D2E28BC3DBF00B7898C /* Sources */ = {
			isa = PBXSourcesBuildPhase;
			buildActionMask = 2147483647;
			files = (
				5507D0F928DA87A8009EDFE7 /* MainCoorditorVC.swift in Sources */,
				552BF92A28D1CB4E00527B67 /* SectionHeaderView.swift in Sources */,
				5507D0FF28DADDDD009EDFE7 /* CreateViewController.swift in Sources */,
				5597F8FE28C5DBE0003182A5 /* HeaderTableViewVC.swift in Sources */,
				5507D0F328DA8356009EDFE7 /* Coordinator.swift in Sources */,
				55C95D3A28BC3DBF00B7898C /* ViewController.swift in Sources */,
				5507D0FB28DA8E00009EDFE7 /* SubWaysCoordinator.swift in Sources */,
				55C95D5A28C06C4400B7898C /* Card_Swipe_ViewController.swift in Sources */,
				55C95D4E28BED88700B7898C /* SwipeableCellVC.swift in Sources */,
				55C95D5128BEE95E00B7898C /* MountainVC.swift in Sources */,
				55B791CD28C88593009549AC /* HeaderView.swift in Sources */,
				552BF92D28D2E81300527B67 /* SectionFooterView.swift in Sources */,
				55C95D5328BF229700B7898C /* MountainTableVC.swift in Sources */,
				55C95D3628BC3DBF00B7898C /* AppDelegate.swift in Sources */,
				55C95D5728BF528E00B7898C /* MyData.swift in Sources */,
				55C95D3828BC3DBF00B7898C /* SceneDelegate.swift in Sources */,
				5507D0FD28DADDAA009EDFE7 /* BuyViewController.swift in Sources */,
				5507D0F528DA84C3009EDFE7 /* Storyboarded.swift in Sources */,
			);
			runOnlyForDeploymentPostprocessing = 0;
		};
/* End PBXSourcesBuildPhase section */

/* Begin PBXVariantGroup section */
		55C95D3B28BC3DBF00B7898C /* Main.storyboard */ = {
			isa = PBXVariantGroup;
			children = (
				55C95D3C28BC3DBF00B7898C /* Base */,
			);
			name = Main.storyboard;
			sourceTree = "<group>";
		};
		55C95D4028BC3DC200B7898C /* LaunchScreen.storyboard */ = {
			isa = PBXVariantGroup;
			children = (
				55C95D4128BC3DC200B7898C /* Base */,
			);
			name = LaunchScreen.storyboard;
			sourceTree = "<group>";
		};
/* End PBXVariantGroup section */

/* Begin XCBuildConfiguration section */
		55C95D4428BC3DC200B7898C /* Debug */ = {
			isa = XCBuildConfiguration;
			buildSettings = {
				ALWAYS_SEARCH_USER_PATHS = NO;
				CLANG_ANALYZER_NONNULL = YES;
				CLANG_ANALYZER_NUMBER_OBJECT_CONVERSION = YES_AGGRESSIVE;
				CLANG_CXX_LANGUAGE_STANDARD = "gnu++17";
				CLANG_ENABLE_MODULES = YES;
				CLANG_ENABLE_OBJC_ARC = YES;
				CLANG_ENABLE_OBJC_WEAK = YES;
				CLANG_WARN_BLOCK_CAPTURE_AUTORELEASING = YES;
				CLANG_WARN_BOOL_CONVERSION = YES;
				CLANG_WARN_COMMA = YES;
				CLANG_WARN_CONSTANT_CONVERSION = YES;
				CLANG_WARN_DEPRECATED_OBJC_IMPLEMENTATIONS = YES;
				CLANG_WARN_DIRECT_OBJC_ISA_USAGE = YES_ERROR;
				CLANG_WARN_DOCUMENTATION_COMMENTS = YES;
				CLANG_WARN_EMPTY_BODY = YES;
				CLANG_WARN_ENUM_CONVERSION = YES;
				CLANG_WARN_INFINITE_RECURSION = YES;
				CLANG_WARN_INT_CONVERSION = YES;
				CLANG_WARN_NON_LITERAL_NULL_CONVERSION = YES;
				CLANG_WARN_OBJC_IMPLICIT_RETAIN_SELF = YES;
				CLANG_WARN_OBJC_LITERAL_CONVERSION = YES;
				CLANG_WARN_OBJC_ROOT_CLASS = YES_ERROR;
				CLANG_WARN_QUOTED_INCLUDE_IN_FRAMEWORK_HEADER = YES;
				CLANG_WARN_RANGE_LOOP_ANALYSIS = YES;
				CLANG_WARN_STRICT_PROTOTYPES = YES;
				CLANG_WARN_SUSPICIOUS_MOVE = YES;
				CLANG_WARN_UNGUARDED_AVAILABILITY = YES_AGGRESSIVE;
				CLANG_WARN_UNREACHABLE_CODE = YES;
				CLANG_WARN__DUPLICATE_METHOD_MATCH = YES;
				COPY_PHASE_STRIP = NO;
				DEBUG_INFORMATION_FORMAT = dwarf;
				ENABLE_STRICT_OBJC_MSGSEND = YES;
				ENABLE_TESTABILITY = YES;
				GCC_C_LANGUAGE_STANDARD = gnu11;
				GCC_DYNAMIC_NO_PIC = NO;
				GCC_NO_COMMON_BLOCKS = YES;
				GCC_OPTIMIZATION_LEVEL = 0;
				GCC_PREPROCESSOR_DEFINITIONS = (
					"DEBUG=1",
					"$(inherited)",
				);
				GCC_WARN_64_TO_32_BIT_CONVERSION = YES;
				GCC_WARN_ABOUT_RETURN_TYPE = YES_ERROR;
				GCC_WARN_UNDECLARED_SELECTOR = YES;
				GCC_WARN_UNINITIALIZED_AUTOS = YES_AGGRESSIVE;
				GCC_WARN_UNUSED_FUNCTION = YES;
				GCC_WARN_UNUSED_VARIABLE = YES;
				IPHONEOS_DEPLOYMENT_TARGET = 15.5;
				MTL_ENABLE_DEBUG_INFO = INCLUDE_SOURCE;
				MTL_FAST_MATH = YES;
				ONLY_ACTIVE_ARCH = YES;
				SDKROOT = iphoneos;
				SWIFT_ACTIVE_COMPILATION_CONDITIONS = DEBUG;
				SWIFT_OPTIMIZATION_LEVEL = "-Onone";
			};
			name = Debug;
		};
		55C95D4528BC3DC200B7898C /* Release */ = {
			isa = XCBuildConfiguration;
			buildSettings = {
				ALWAYS_SEARCH_USER_PATHS = NO;
				CLANG_ANALYZER_NONNULL = YES;
				CLANG_ANALYZER_NUMBER_OBJECT_CONVERSION = YES_AGGRESSIVE;
				CLANG_CXX_LANGUAGE_STANDARD = "gnu++17";
				CLANG_ENABLE_MODULES = YES;
				CLANG_ENABLE_OBJC_ARC = YES;
				CLANG_ENABLE_OBJC_WEAK = YES;
				CLANG_WARN_BLOCK_CAPTURE_AUTORELEASING = YES;
				CLANG_WARN_BOOL_CONVERSION = YES;
				CLANG_WARN_COMMA = YES;
				CLANG_WARN_CONSTANT_CONVERSION = YES;
				CLANG_WARN_DEPRECATED_OBJC_IMPLEMENTATIONS = YES;
				CLANG_WARN_DIRECT_OBJC_ISA_USAGE = YES_ERROR;
				CLANG_WARN_DOCUMENTATION_COMMENTS = YES;
				CLANG_WARN_EMPTY_BODY = YES;
				CLANG_WARN_ENUM_CONVERSION = YES;
				CLANG_WARN_INFINITE_RECURSION = YES;
				CLANG_WARN_INT_CONVERSION = YES;
				CLANG_WARN_NON_LITERAL_NULL_CONVERSION = YES;
				CLANG_WARN_OBJC_IMPLICIT_RETAIN_SELF = YES;
				CLANG_WARN_OBJC_LITERAL_CONVERSION = YES;
				CLANG_WARN_OBJC_ROOT_CLASS = YES_ERROR;
				CLANG_WARN_QUOTED_INCLUDE_IN_FRAMEWORK_HEADER = YES;
				CLANG_WARN_RANGE_LOOP_ANALYSIS = YES;
				CLANG_WARN_STRICT_PROTOTYPES = YES;
				CLANG_WARN_SUSPICIOUS_MOVE = YES;
				CLANG_WARN_UNGUARDED_AVAILABILITY = YES_AGGRESSIVE;
				CLANG_WARN_UNREACHABLE_CODE = YES;
				CLANG_WARN__DUPLICATE_METHOD_MATCH = YES;
				COPY_PHASE_STRIP = NO;
				DEBUG_INFORMATION_FORMAT = "dwarf-with-dsym";
				ENABLE_NS_ASSERTIONS = NO;
				ENABLE_STRICT_OBJC_MSGSEND = YES;
				GCC_C_LANGUAGE_STANDARD = gnu11;
				GCC_NO_COMMON_BLOCKS = YES;
				GCC_WARN_64_TO_32_BIT_CONVERSION = YES;
				GCC_WARN_ABOUT_RETURN_TYPE = YES_ERROR;
				GCC_WARN_UNDECLARED_SELECTOR = YES;
				GCC_WARN_UNINITIALIZED_AUTOS = YES_AGGRESSIVE;
				GCC_WARN_UNUSED_FUNCTION = YES;
				GCC_WARN_UNUSED_VARIABLE = YES;
				IPHONEOS_DEPLOYMENT_TARGET = 15.5;
				MTL_ENABLE_DEBUG_INFO = NO;
				MTL_FAST_MATH = YES;
				SDKROOT = iphoneos;
				SWIFT_COMPILATION_MODE = wholemodule;
				SWIFT_OPTIMIZATION_LEVEL = "-O";
				VALIDATE_PRODUCT = YES;
			};
			name = Release;
		};
		55C95D4728BC3DC200B7898C /* Debug */ = {
			isa = XCBuildConfiguration;
			buildSettings = {
				ASSETCATALOG_COMPILER_APPICON_NAME = AppIcon;
				ASSETCATALOG_COMPILER_GLOBAL_ACCENT_COLOR_NAME = AccentColor;
				CODE_SIGN_STYLE = Automatic;
				CURRENT_PROJECT_VERSION = 1;
				DEVELOPMENT_TEAM = 62EMNW6G6D;
				GENERATE_INFOPLIST_FILE = YES;
				INFOPLIST_FILE = EmojiBlocker/Info.plist;
				INFOPLIST_KEY_CFBundleDisplayName = LeaningSwift;
				INFOPLIST_KEY_UIApplicationSupportsIndirectInputEvents = YES;
				INFOPLIST_KEY_UILaunchStoryboardName = LaunchScreen;
				INFOPLIST_KEY_UIMainStoryboardFile = "";
				INFOPLIST_KEY_UIRequiresFullScreen = NO;
				INFOPLIST_KEY_UISupportedInterfaceOrientations = UIInterfaceOrientationPortrait;
				LD_RUNPATH_SEARCH_PATHS = (
					"$(inherited)",
					"@executable_path/Frameworks",
				);
				MARKETING_VERSION = 1.0;
				PRODUCT_BUNDLE_IDENTIFIER = co.kr.EmojiBlocker;
				PRODUCT_NAME = "$(TARGET_NAME)";
				SWIFT_EMIT_LOC_STRINGS = YES;
				SWIFT_VERSION = 5.0;
				TARGETED_DEVICE_FAMILY = "1,2";
			};
			name = Debug;
		};
		55C95D4828BC3DC200B7898C /* Release */ = {
			isa = XCBuildConfiguration;
			buildSettings = {
				ASSETCATALOG_COMPILER_APPICON_NAME = AppIcon;
				ASSETCATALOG_COMPILER_GLOBAL_ACCENT_COLOR_NAME = AccentColor;
				CODE_SIGN_STYLE = Automatic;
				CURRENT_PROJECT_VERSION = 1;
				DEVELOPMENT_TEAM = 62EMNW6G6D;
				GENERATE_INFOPLIST_FILE = YES;
				INFOPLIST_FILE = EmojiBlocker/Info.plist;
				INFOPLIST_KEY_CFBundleDisplayName = LeaningSwift;
				INFOPLIST_KEY_UIApplicationSupportsIndirectInputEvents = YES;
				INFOPLIST_KEY_UILaunchStoryboardName = LaunchScreen;
				INFOPLIST_KEY_UIMainStoryboardFile = "";
				INFOPLIST_KEY_UIRequiresFullScreen = NO;
				INFOPLIST_KEY_UISupportedInterfaceOrientations = UIInterfaceOrientationPortrait;
				LD_RUNPATH_SEARCH_PATHS = (
					"$(inherited)",
					"@executable_path/Frameworks",
				);
				MARKETING_VERSION = 1.0;
				PRODUCT_BUNDLE_IDENTIFIER = co.kr.EmojiBlocker;
				PRODUCT_NAME = "$(TARGET_NAME)";
				SWIFT_EMIT_LOC_STRINGS = YES;
				SWIFT_VERSION = 5.0;
				TARGETED_DEVICE_FAMILY = "1,2";
			};
			name = Release;
		};
/* End XCBuildConfiguration section */

/* Begin XCConfigurationList section */
		55C95D2D28BC3DBF00B7898C /* Build configuration list for PBXProject "EmojiBlocker" */ = {
			isa = XCConfigurationList;
			buildConfigurations = (
				55C95D4428BC3DC200B7898C /* Debug */,
				55C95D4528BC3DC200B7898C /* Release */,
			);
			defaultConfigurationIsVisible = 0;
			defaultConfigurationName = Release;
		};
		55C95D4628BC3DC200B7898C /* Build configuration list for PBXNativeTarget "EmojiBlocker" */ = {
			isa = XCConfigurationList;
			buildConfigurations = (
				55C95D4728BC3DC200B7898C /* Debug */,
				55C95D4828BC3DC200B7898C /* Release */,
			);
			defaultConfigurationIsVisible = 0;
			defaultConfigurationName = Release;
		};
/* End XCConfigurationList section */
	};
	rootObject = 55C95D2A28BC3DBF00B7898C /* Project object */;
}
